<?xml version="1.0" encoding="utf-8"?>
<Project ToolsVersion="4.0" xmlns="http://schemas.microsoft.com/developer/msbuild/2003">
  <ItemGroup>
    <Filter Include="include/Microsoft/MixedReality/Sharing/VersionedStorage">
      <UniqueIdentifier>{9752df0f-142b-48c8-97cb-88a9a89a8115}</UniqueIdentifier>
    </Filter>
    <Filter Include="src">
      <UniqueIdentifier>{586a661e-8246-4143-96aa-5e145c73e24a}</UniqueIdentifier>
    </Filter>
  </ItemGroup>
  <ItemGroup>
    <ClInclude Include="include\Microsoft\MixedReality\Sharing\VersionedStorage\AbstractKey.h">
      <Filter>include/Microsoft/MixedReality/Sharing/VersionedStorage</Filter>
    </ClInclude>
    <ClInclude Include="src\pch.h">
      <Filter>src</Filter>
    </ClInclude>
    <ClInclude Include="include\Microsoft\MixedReality\Sharing\VersionedStorage\enums.h">
      <Filter>include/Microsoft/MixedReality/Sharing/VersionedStorage</Filter>
    </ClInclude>
    <ClInclude Include="include\Microsoft\MixedReality\Sharing\VersionedStorage\Behavior.h">
      <Filter>include/Microsoft/MixedReality/Sharing/VersionedStorage</Filter>
    </ClInclude>
    <ClInclude Include="src\layout.h">
      <Filter>src</Filter>
    </ClInclude>
    <ClInclude Include="include\Microsoft\MixedReality\Sharing\VersionedStorage\Storage.h">
      <Filter>include/Microsoft/MixedReality/Sharing/VersionedStorage</Filter>
    </ClInclude>
    <ClInclude Include="include\Microsoft\MixedReality\Sharing\VersionedStorage\Snapshot.h">
      <Filter>include/Microsoft/MixedReality/Sharing/VersionedStorage</Filter>
    </ClInclude>
    <ClInclude Include="src\HeaderBlock.h">
      <Filter>src</Filter>
    </ClInclude>
    <ClInclude Include="include\Microsoft\MixedReality\Sharing\VersionedStorage\Transaction.h">
      <Filter>include/Microsoft/MixedReality/Sharing/VersionedStorage</Filter>
    </ClInclude>
    <ClInclude Include="src\SearchResult.h">
      <Filter>src</Filter>
    </ClInclude>
    <ClInclude Include="src\IndexBlock.h">
      <Filter>src</Filter>
    </ClInclude>
    <ClInclude Include="src\StateBlock.h">
      <Filter>src</Filter>
    </ClInclude>
    <ClInclude Include="src\KeyVersionBlock.h">
      <Filter>src</Filter>
    </ClInclude>
    <ClInclude Include="src\SubkeyVersionBlock.h">
      <Filter>src</Filter>
    </ClInclude>
    <ClInclude Include="include\Microsoft\MixedReality\Sharing\VersionedStorage\AbstractKeyWithHandle.h">
      <Filter>include/Microsoft/MixedReality/Sharing/VersionedStorage</Filter>
    </ClInclude>
    <ClInclude Include="src\StateBlockEnumerator.h">
      <Filter>src</Filter>
    </ClInclude>
    <ClInclude Include="include\Microsoft\MixedReality\Sharing\VersionedStorage\KeyEnumerator.h">
      <Filter>include/Microsoft/MixedReality/Sharing/VersionedStorage</Filter>
    </ClInclude>
    <ClInclude Include="include\Microsoft\MixedReality\Sharing\VersionedStorage\SubkeyEnumerator.h">
      <Filter>include/Microsoft/MixedReality/Sharing/VersionedStorage</Filter>
    </ClInclude>
    <ClInclude Include="src\VersionRefCount.h">
      <Filter>src</Filter>
    </ClInclude>
  </ItemGroup>
  <ItemGroup>
    <ClCompile Include="src\pch.cpp">
      <Filter>src</Filter>
    </ClCompile>
    <ClCompile Include="src\Storage.cpp">
      <Filter>src</Filter>
    </ClCompile>
    <ClCompile Include="src\Snapshot.cpp">
      <Filter>src</Filter>
    </ClCompile>
    <ClCompile Include="src\HeaderBlock.cpp">
      <Filter>src</Filter>
    </ClCompile>
    <ClCompile Include="src\Transaction.cpp">
      <Filter>src</Filter>
    </ClCompile>
    <ClCompile Include="src\StateBlock.cpp">
      <Filter>src</Filter>
    </ClCompile>
    <ClCompile Include="src\SubkeyVersionBlock.cpp">
      <Filter>src</Filter>
    </ClCompile>
    <ClCompile Include="src\KeyVersionBlock.cpp">
      <Filter>src</Filter>
    </ClCompile>
    <ClCompile Include="src\AbstractKeyWithHandle.cpp">
      <Filter>src</Filter>
    </ClCompile>
    <ClCompile Include="src\StateBlockEnumerator.cpp">
      <Filter>src</Filter>
    </ClCompile>
  </ItemGroup>
</Project>