
Microsoft Visual Studio Solution File, Format Version 12.00
# Visual Studio 15
VisualStudioVersion = 15.0.28307.757
MinimumVisualStudioVersion = 10.0.40219.1
Project("{9A19103F-16F7-4668-BE54-9A1E7A4F7556}") = "Microsoft.MixedReality.Sharing.StateSync", "libs\StateSync\src\Microsoft.MixedReality.Sharing.StateSync.csproj", "{1F906578-3A91-4F95-AD37-282139D65EA8}"
EndProject
Project("{9A19103F-16F7-4668-BE54-9A1E7A4F7556}") = "Microsoft.MixedReality.Sharing.StateSync.Test", "libs\StateSync\test\Microsoft.MixedReality.Sharing.StateSync.Test.csproj", "{3A6EAB71-070D-4B03-B166-12A8886D0223}"
EndProject
Project("{8BC9CEB8-8B4A-11D0-8D11-00A0C91BC942}") = "TempLib", "libs\TempLib\src\TempLib.vcxproj", "{B69106CA-ECD6-49CC-A1A1-E5D97E9EB9E0}"
EndProject
Project("{8BC9CEB8-8B4A-11D0-8D11-00A0C91BC942}") = "TempLib.Test", "libs\TempLib\test\TempLib.test.vcxproj", "{F61890A3-4C11-4057-8F25-8878063EEF2C}"
EndProject
Project("{2150E333-8FDC-42A3-9474-1A3956D46DE8}") = "Tests", "Tests", "{624DBD01-5D20-46AA-B436-9AF857411B11}"
EndProject
Project("{2150E333-8FDC-42A3-9474-1A3956D46DE8}") = "Native", "Native", "{D79ED51D-DCC6-42A7-AF77-5578C2AEBA90}"
EndProject
Project("{2150E333-8FDC-42A3-9474-1A3956D46DE8}") = "Networking.Core", "Networking.Core", "{3A68417A-AD7F-42D6-BC56-B912100BE81B}"
EndProject
Project("{2150E333-8FDC-42A3-9474-1A3956D46DE8}") = "SpatialAlignment", "SpatialAlignment", "{F52CFF23-46BF-4ED7-A793-D30A9B242208}"
EndProject
Project("{2150E333-8FDC-42A3-9474-1A3956D46DE8}") = "Common", "Common", "{2E35D74E-E58D-4C0B-985C-B628F19E0500}"
EndProject
Project("{9A19103F-16F7-4668-BE54-9A1E7A4F7556}") = "Microsoft.MixedReality.Sharing.Networking.Core", "libs\Networking.Core\src\Microsoft.MixedReality.Sharing.Networking.Core.csproj", "{7CC4E913-58DE-4437-9504-5667F64D7AC3}"
EndProject
Project("{9A19103F-16F7-4668-BE54-9A1E7A4F7556}") = "Microsoft.MixedReality.SpatialAlignment.Common", "libs\SpatialAlignment\src\Common\Microsoft.MixedReality.SpatialAlignment.Common.csproj", "{2D32A409-B53D-4A6E-941E-DFC4B6B15472}"
EndProject
Project("{2150E333-8FDC-42A3-9474-1A3956D46DE8}") = "Networking.Sockets", "Networking.Sockets", "{0F2498E6-6B2C-494D-851B-A9CE20877E40}"
EndProject
Project("{9A19103F-16F7-4668-BE54-9A1E7A4F7556}") = "Microsoft.MixedReality.Sharing.Networking.Sockets", "libs\Networking.Sockets\src\Microsoft.MixedReality.Sharing.Networking.Sockets.csproj", "{0A953D5B-C339-4756-910D-B77FE603520E}"
EndProject
Project("{9A19103F-16F7-4668-BE54-9A1E7A4F7556}") = "Microsoft.MixedReality.Sharing.Utilities", "libs\Common\src\Utilities\Microsoft.MixedReality.Sharing.Utilities.csproj", "{7C5D7DCB-DEE4-4FD1-991E-052F4E10FAC2}"
EndProject
Global
	GlobalSection(SolutionConfigurationPlatforms) = preSolution
		Debug|Any CPU = Debug|Any CPU
		Debug|x64 = Debug|x64
		Debug|x86 = Debug|x86
		Release|Any CPU = Release|Any CPU
		Release|x64 = Release|x64
		Release|x86 = Release|x86
	EndGlobalSection
	GlobalSection(ProjectConfigurationPlatforms) = postSolution
		{1F906578-3A91-4F95-AD37-282139D65EA8}.Debug|Any CPU.ActiveCfg = Debug|Any CPU
		{1F906578-3A91-4F95-AD37-282139D65EA8}.Debug|Any CPU.Build.0 = Debug|Any CPU
		{1F906578-3A91-4F95-AD37-282139D65EA8}.Debug|x64.ActiveCfg = Debug|Any CPU
		{1F906578-3A91-4F95-AD37-282139D65EA8}.Debug|x64.Build.0 = Debug|Any CPU
		{1F906578-3A91-4F95-AD37-282139D65EA8}.Debug|x86.ActiveCfg = Debug|Any CPU
		{1F906578-3A91-4F95-AD37-282139D65EA8}.Debug|x86.Build.0 = Debug|Any CPU
		{1F906578-3A91-4F95-AD37-282139D65EA8}.Release|Any CPU.ActiveCfg = Release|Any CPU
		{1F906578-3A91-4F95-AD37-282139D65EA8}.Release|Any CPU.Build.0 = Release|Any CPU
		{1F906578-3A91-4F95-AD37-282139D65EA8}.Release|x64.ActiveCfg = Release|Any CPU
		{1F906578-3A91-4F95-AD37-282139D65EA8}.Release|x64.Build.0 = Release|Any CPU
		{1F906578-3A91-4F95-AD37-282139D65EA8}.Release|x86.ActiveCfg = Release|Any CPU
		{1F906578-3A91-4F95-AD37-282139D65EA8}.Release|x86.Build.0 = Release|Any CPU
		{3A6EAB71-070D-4B03-B166-12A8886D0223}.Debug|Any CPU.ActiveCfg = Debug|Any CPU
		{3A6EAB71-070D-4B03-B166-12A8886D0223}.Debug|Any CPU.Build.0 = Debug|Any CPU
		{3A6EAB71-070D-4B03-B166-12A8886D0223}.Debug|x64.ActiveCfg = Debug|Any CPU
		{3A6EAB71-070D-4B03-B166-12A8886D0223}.Debug|x64.Build.0 = Debug|Any CPU
		{3A6EAB71-070D-4B03-B166-12A8886D0223}.Debug|x86.ActiveCfg = Debug|Any CPU
		{3A6EAB71-070D-4B03-B166-12A8886D0223}.Debug|x86.Build.0 = Debug|Any CPU
		{3A6EAB71-070D-4B03-B166-12A8886D0223}.Release|Any CPU.ActiveCfg = Release|Any CPU
		{3A6EAB71-070D-4B03-B166-12A8886D0223}.Release|Any CPU.Build.0 = Release|Any CPU
		{3A6EAB71-070D-4B03-B166-12A8886D0223}.Release|x64.ActiveCfg = Release|Any CPU
		{3A6EAB71-070D-4B03-B166-12A8886D0223}.Release|x64.Build.0 = Release|Any CPU
		{3A6EAB71-070D-4B03-B166-12A8886D0223}.Release|x86.ActiveCfg = Release|Any CPU
		{3A6EAB71-070D-4B03-B166-12A8886D0223}.Release|x86.Build.0 = Release|Any CPU
		{B69106CA-ECD6-49CC-A1A1-E5D97E9EB9E0}.Debug|Any CPU.ActiveCfg = Debug|Win32
		{B69106CA-ECD6-49CC-A1A1-E5D97E9EB9E0}.Debug|x64.ActiveCfg = Debug|x64
		{B69106CA-ECD6-49CC-A1A1-E5D97E9EB9E0}.Debug|x64.Build.0 = Debug|x64
		{B69106CA-ECD6-49CC-A1A1-E5D97E9EB9E0}.Debug|x86.ActiveCfg = Debug|Win32
		{B69106CA-ECD6-49CC-A1A1-E5D97E9EB9E0}.Debug|x86.Build.0 = Debug|Win32
		{B69106CA-ECD6-49CC-A1A1-E5D97E9EB9E0}.Release|Any CPU.ActiveCfg = Release|Win32
		{B69106CA-ECD6-49CC-A1A1-E5D97E9EB9E0}.Release|x64.ActiveCfg = Release|x64
		{B69106CA-ECD6-49CC-A1A1-E5D97E9EB9E0}.Release|x64.Build.0 = Release|x64
		{B69106CA-ECD6-49CC-A1A1-E5D97E9EB9E0}.Release|x86.ActiveCfg = Release|Win32
		{B69106CA-ECD6-49CC-A1A1-E5D97E9EB9E0}.Release|x86.Build.0 = Release|Win32
		{F61890A3-4C11-4057-8F25-8878063EEF2C}.Debug|Any CPU.ActiveCfg = Debug|Win32
		{F61890A3-4C11-4057-8F25-8878063EEF2C}.Debug|x64.ActiveCfg = Debug|x64
		{F61890A3-4C11-4057-8F25-8878063EEF2C}.Debug|x64.Build.0 = Debug|x64
		{F61890A3-4C11-4057-8F25-8878063EEF2C}.Debug|x86.ActiveCfg = Debug|Win32
		{F61890A3-4C11-4057-8F25-8878063EEF2C}.Debug|x86.Build.0 = Debug|Win32
		{F61890A3-4C11-4057-8F25-8878063EEF2C}.Release|Any CPU.ActiveCfg = Release|Win32
		{F61890A3-4C11-4057-8F25-8878063EEF2C}.Release|x64.ActiveCfg = Release|x64
		{F61890A3-4C11-4057-8F25-8878063EEF2C}.Release|x64.Build.0 = Release|x64
		{F61890A3-4C11-4057-8F25-8878063EEF2C}.Release|x86.ActiveCfg = Release|Win32
		{F61890A3-4C11-4057-8F25-8878063EEF2C}.Release|x86.Build.0 = Release|Win32
		{7CC4E913-58DE-4437-9504-5667F64D7AC3}.Debug|Any CPU.ActiveCfg = Debug|Any CPU
		{7CC4E913-58DE-4437-9504-5667F64D7AC3}.Debug|Any CPU.Build.0 = Debug|Any CPU
		{7CC4E913-58DE-4437-9504-5667F64D7AC3}.Debug|x64.ActiveCfg = Debug|Any CPU
		{7CC4E913-58DE-4437-9504-5667F64D7AC3}.Debug|x64.Build.0 = Debug|Any CPU
		{7CC4E913-58DE-4437-9504-5667F64D7AC3}.Debug|x86.ActiveCfg = Debug|Any CPU
		{7CC4E913-58DE-4437-9504-5667F64D7AC3}.Debug|x86.Build.0 = Debug|Any CPU
		{7CC4E913-58DE-4437-9504-5667F64D7AC3}.Release|Any CPU.ActiveCfg = Release|Any CPU
		{7CC4E913-58DE-4437-9504-5667F64D7AC3}.Release|Any CPU.Build.0 = Release|Any CPU
		{7CC4E913-58DE-4437-9504-5667F64D7AC3}.Release|x64.ActiveCfg = Release|Any CPU
		{7CC4E913-58DE-4437-9504-5667F64D7AC3}.Release|x64.Build.0 = Release|Any CPU
		{7CC4E913-58DE-4437-9504-5667F64D7AC3}.Release|x86.ActiveCfg = Release|Any CPU
		{7CC4E913-58DE-4437-9504-5667F64D7AC3}.Release|x86.Build.0 = Release|Any CPU
		{2D32A409-B53D-4A6E-941E-DFC4B6B15472}.Debug|Any CPU.ActiveCfg = Debug|Any CPU
		{2D32A409-B53D-4A6E-941E-DFC4B6B15472}.Debug|Any CPU.Build.0 = Debug|Any CPU
		{2D32A409-B53D-4A6E-941E-DFC4B6B15472}.Debug|x64.ActiveCfg = Debug|Any CPU
		{2D32A409-B53D-4A6E-941E-DFC4B6B15472}.Debug|x64.Build.0 = Debug|Any CPU
		{2D32A409-B53D-4A6E-941E-DFC4B6B15472}.Debug|x86.ActiveCfg = Debug|Any CPU
		{2D32A409-B53D-4A6E-941E-DFC4B6B15472}.Debug|x86.Build.0 = Debug|Any CPU
		{2D32A409-B53D-4A6E-941E-DFC4B6B15472}.Release|Any CPU.ActiveCfg = Release|Any CPU
		{2D32A409-B53D-4A6E-941E-DFC4B6B15472}.Release|Any CPU.Build.0 = Release|Any CPU
		{2D32A409-B53D-4A6E-941E-DFC4B6B15472}.Release|x64.ActiveCfg = Release|Any CPU
		{2D32A409-B53D-4A6E-941E-DFC4B6B15472}.Release|x64.Build.0 = Release|Any CPU
		{2D32A409-B53D-4A6E-941E-DFC4B6B15472}.Release|x86.ActiveCfg = Release|Any CPU
		{2D32A409-B53D-4A6E-941E-DFC4B6B15472}.Release|x86.Build.0 = Release|Any CPU
		{0A953D5B-C339-4756-910D-B77FE603520E}.Debug|Any CPU.ActiveCfg = Debug|Any CPU
		{0A953D5B-C339-4756-910D-B77FE603520E}.Debug|Any CPU.Build.0 = Debug|Any CPU
		{0A953D5B-C339-4756-910D-B77FE603520E}.Debug|x64.ActiveCfg = Debug|Any CPU
		{0A953D5B-C339-4756-910D-B77FE603520E}.Debug|x64.Build.0 = Debug|Any CPU
		{0A953D5B-C339-4756-910D-B77FE603520E}.Debug|x86.ActiveCfg = Debug|Any CPU
		{0A953D5B-C339-4756-910D-B77FE603520E}.Debug|x86.Build.0 = Debug|Any CPU
		{0A953D5B-C339-4756-910D-B77FE603520E}.Release|Any CPU.ActiveCfg = Release|Any CPU
		{0A953D5B-C339-4756-910D-B77FE603520E}.Release|Any CPU.Build.0 = Release|Any CPU
		{0A953D5B-C339-4756-910D-B77FE603520E}.Release|x64.ActiveCfg = Release|Any CPU
		{0A953D5B-C339-4756-910D-B77FE603520E}.Release|x64.Build.0 = Release|Any CPU
		{0A953D5B-C339-4756-910D-B77FE603520E}.Release|x86.ActiveCfg = Release|Any CPU
		{0A953D5B-C339-4756-910D-B77FE603520E}.Release|x86.Build.0 = Release|Any CPU
		{7C5D7DCB-DEE4-4FD1-991E-052F4E10FAC2}.Debug|Any CPU.ActiveCfg = Debug|Any CPU
		{7C5D7DCB-DEE4-4FD1-991E-052F4E10FAC2}.Debug|Any CPU.Build.0 = Debug|Any CPU
		{7C5D7DCB-DEE4-4FD1-991E-052F4E10FAC2}.Debug|x64.ActiveCfg = Debug|Any CPU
		{7C5D7DCB-DEE4-4FD1-991E-052F4E10FAC2}.Debug|x64.Build.0 = Debug|Any CPU
		{7C5D7DCB-DEE4-4FD1-991E-052F4E10FAC2}.Debug|x86.ActiveCfg = Debug|Any CPU
		{7C5D7DCB-DEE4-4FD1-991E-052F4E10FAC2}.Debug|x86.Build.0 = Debug|Any CPU
		{7C5D7DCB-DEE4-4FD1-991E-052F4E10FAC2}.Release|Any CPU.ActiveCfg = Release|Any CPU
		{7C5D7DCB-DEE4-4FD1-991E-052F4E10FAC2}.Release|Any CPU.Build.0 = Release|Any CPU
		{7C5D7DCB-DEE4-4FD1-991E-052F4E10FAC2}.Release|x64.ActiveCfg = Release|Any CPU
		{7C5D7DCB-DEE4-4FD1-991E-052F4E10FAC2}.Release|x64.Build.0 = Release|Any CPU
		{7C5D7DCB-DEE4-4FD1-991E-052F4E10FAC2}.Release|x86.ActiveCfg = Release|Any CPU
		{7C5D7DCB-DEE4-4FD1-991E-052F4E10FAC2}.Release|x86.Build.0 = Release|Any CPU
	EndGlobalSection
	GlobalSection(SolutionProperties) = preSolution
		HideSolutionNode = FALSE
	EndGlobalSection
	GlobalSection(NestedProjects) = preSolution
		{1F906578-3A91-4F95-AD37-282139D65EA8} = {3A68417A-AD7F-42D6-BC56-B912100BE81B}
		{3A6EAB71-070D-4B03-B166-12A8886D0223} = {624DBD01-5D20-46AA-B436-9AF857411B11}
		{B69106CA-ECD6-49CC-A1A1-E5D97E9EB9E0} = {D79ED51D-DCC6-42A7-AF77-5578C2AEBA90}
		{F61890A3-4C11-4057-8F25-8878063EEF2C} = {D79ED51D-DCC6-42A7-AF77-5578C2AEBA90}
		{7CC4E913-58DE-4437-9504-5667F64D7AC3} = {3A68417A-AD7F-42D6-BC56-B912100BE81B}
		{2D32A409-B53D-4A6E-941E-DFC4B6B15472} = {F52CFF23-46BF-4ED7-A793-D30A9B242208}
		{0A953D5B-C339-4756-910D-B77FE603520E} = {0F2498E6-6B2C-494D-851B-A9CE20877E40}
		{7C5D7DCB-DEE4-4FD1-991E-052F4E10FAC2} = {2E35D74E-E58D-4C0B-985C-B628F19E0500}
	EndGlobalSection
	GlobalSection(ExtensibilityGlobals) = postSolution
		SolutionGuid = {1E8B3035-4568-4A6F-9147-A4F57DD5BB0B}
	EndGlobalSection
EndGlobal
