<?xml version="1.0" encoding="utf-8"?>
<Project ToolsVersion="4.0" xmlns="http://schemas.microsoft.com/developer/msbuild/2003">
  <ItemGroup>
    <Filter Include="src">
      <UniqueIdentifier>{E00F171B-610C-493B-918A-E15DE4301C29}</UniqueIdentifier>
    </Filter>
    <Filter Include="include/Microsoft/MixedReality/Sharing/StateSync">
      <UniqueIdentifier>{68c00038-5c93-48f5-a9e0-ed4de5ea6682}</UniqueIdentifier>
    </Filter>
  </ItemGroup>
  <ItemGroup>
    <ClCompile Include="src\pch.cpp">
      <Filter>src</Filter>
    </ClCompile>
    <ClCompile Include="src\Value.cpp">
      <Filter>src</Filter>
    </ClCompile>
    <ClCompile Include="src\ReplicatedState.cpp">
      <Filter>src</Filter>
    </ClCompile>
  </ItemGroup>
  <ItemGroup>
    <ClInclude Include="src\pch.h">
      <Filter>src</Filter>
    </ClInclude>
    <ClInclude Include="include\Microsoft\MixedReality\Sharing\StateSync\Value.h">
      <Filter>include/Microsoft/MixedReality/Sharing/StateSync</Filter>
    </ClInclude>
    <ClInclude Include="include\Microsoft\MixedReality\Sharing\StateSync\NetworkManager.h">
      <Filter>include/Microsoft/MixedReality/Sharing/StateSync</Filter>
    </ClInclude>
    <ClInclude Include="include\Microsoft\MixedReality\Sharing\StateSync\CommandId.h">
      <Filter>include/Microsoft/MixedReality/Sharing/StateSync</Filter>
    </ClInclude>
    <ClInclude Include="include\Microsoft\MixedReality\Sharing\StateSync\RSMConnection.h">
      <Filter>include/Microsoft/MixedReality/Sharing/StateSync</Filter>
    </ClInclude>
    <ClInclude Include="include\Microsoft\MixedReality\Sharing\StateSync\RSMListener.h">
      <Filter>include/Microsoft/MixedReality/Sharing/StateSync</Filter>
    </ClInclude>
    <ClInclude Include="include\Microsoft\MixedReality\Sharing\StateSync\NetworkConnection.h">
      <Filter>include/Microsoft/MixedReality/Sharing/StateSync</Filter>
    </ClInclude>
    <ClInclude Include="include\Microsoft\MixedReality\Sharing\StateSync\NetworkListener.h">
      <Filter>include/Microsoft/MixedReality/Sharing/StateSync</Filter>
    </ClInclude>
    <ClInclude Include="include\Microsoft\MixedReality\Sharing\StateSync\ReplicatedState.h">
      <Filter>include/Microsoft/MixedReality/Sharing/StateSync</Filter>
    </ClInclude>
  </ItemGroup>
</Project>