<?xml version="1.0" encoding="utf-8"?>
<Project ToolsVersion="4.0" xmlns="http://schemas.microsoft.com/developer/msbuild/2003">
  <ItemGroup>
    <ClInclude Include="include\Microsoft\MixedReality\Sharing\Common\Platform.h">
      <Filter>include/Microsoft/MixedReality/Sharing/Common</Filter>
    </ClInclude>
    <ClInclude Include="src\pch.h">
      <Filter>src</Filter>
    </ClInclude>
    <ClInclude Include="include\Microsoft\MixedReality\Sharing\Common\windows.h">
      <Filter>include/Microsoft/MixedReality/Sharing/Common</Filter>
    </ClInclude>
    <ClInclude Include="include\Microsoft\MixedReality\Sharing\Common\hash.h">
      <Filter>include/Microsoft/MixedReality/Sharing/Common</Filter>
    </ClInclude>
    <ClInclude Include="include\Microsoft\MixedReality\Sharing\Common\Span.h">
      <Filter>include/Microsoft/MixedReality/Sharing/Common</Filter>
    </ClInclude>
    <ClInclude Include="include\Microsoft\MixedReality\Sharing\Common\Serialization\BitstreamWriter.h">
      <Filter>include/Microsoft/MixedReality/Sharing/Common\Serialization</Filter>
    </ClInclude>
    <ClInclude Include="include\Microsoft\MixedReality\Sharing\Common\Serialization\BitstreamReader.h">
      <Filter>include/Microsoft/MixedReality/Sharing/Common\Serialization</Filter>
    </ClInclude>
    <ClInclude Include="include\Microsoft\MixedReality\Sharing\Common\Serialization\MonotonicSequenceEncoder.h">
      <Filter>include/Microsoft/MixedReality/Sharing/Common\Serialization</Filter>
    </ClInclude>
    <ClInclude Include="include\Microsoft\MixedReality\Sharing\Common\Serialization\Serialization.h">
      <Filter>include/Microsoft/MixedReality/Sharing/Common\Serialization</Filter>
    </ClInclude>
    <ClInclude Include="include\Microsoft\MixedReality\Sharing\Common\RefPtr.h">
      <Filter>include/Microsoft/MixedReality/Sharing/Common</Filter>
    </ClInclude>
    <ClInclude Include="include\Microsoft\MixedReality\Sharing\Common\bit_cast.h">
      <Filter>include/Microsoft/MixedReality/Sharing/Common</Filter>
    </ClInclude>
    <ClInclude Include="include\Microsoft\MixedReality\Sharing\Common\VirtualRefCountedBase.h">
      <Filter>include/Microsoft/MixedReality/Sharing/Common</Filter>
    </ClInclude>
    <ClInclude Include="include\Microsoft\MixedReality\Sharing\Common\Serialization\BlobReader.h">
      <Filter>include/Microsoft/MixedReality/Sharing/Common\Serialization</Filter>
    </ClInclude>
    <ClInclude Include="include\Microsoft\MixedReality\Sharing\Common\Serialization\BlobWriter.h">
      <Filter>include/Microsoft/MixedReality/Sharing/Common\Serialization</Filter>
    </ClInclude>
    <ClInclude Include="include\Microsoft\MixedReality\Sharing\Common\Testing\Testing.h">
      <Filter>include/Microsoft/MixedReality/Sharing/Common\Testing</Filter>
    </ClInclude>
    <ClInclude Include="include\Microsoft\MixedReality\Sharing\Common\Guid.h">
      <Filter>include/Microsoft/MixedReality/Sharing/Common</Filter>
    </ClInclude>
    <ClInclude Include="include\Microsoft\MixedReality\Sharing\Common\InternedBlob.h">
      <Filter>include/Microsoft/MixedReality/Sharing/Common</Filter>
    </ClInclude>
    <ClInclude Include="include\Microsoft\MixedReality\Sharing\Common\RandomDevice.h">
      <Filter>include/Microsoft/MixedReality/Sharing/Common</Filter>
    </ClInclude>
    <ClInclude Include="include\Microsoft\MixedReality\Sharing\Common\Blob.h">
      <Filter>include/Microsoft/MixedReality/Sharing/Common</Filter>
    </ClInclude>
  </ItemGroup>
  <ItemGroup>
    <ClCompile Include="src\pch.cpp">
      <Filter>src</Filter>
    </ClCompile>
    <ClCompile Include="src\Platform.cpp">
      <Filter>src</Filter>
    </ClCompile>
    <ClCompile Include="src\hash.cpp">
      <Filter>src</Filter>
    </ClCompile>
    <ClCompile Include="src\Serialization\Serialization.cpp">
      <Filter>src\Serialization</Filter>
    </ClCompile>
    <ClCompile Include="src\Serialization\MonotonicSequenceEncoder.cpp">
      <Filter>src\Serialization</Filter>
    </ClCompile>
    <ClCompile Include="src\Serialization\BitstreamWriter.cpp">
      <Filter>src\Serialization</Filter>
    </ClCompile>
    <ClCompile Include="src\Serialization\BlobWriter.cpp">
      <Filter>src\Serialization</Filter>
    </ClCompile>
    <ClCompile Include="src\Serialization\BlobReader.cpp">
      <Filter>src\Serialization</Filter>
    </ClCompile>
    <ClCompile Include="src\InternedBlob.cpp">
      <Filter>src</Filter>
    </ClCompile>
    <ClCompile Include="src\RandomDevice.cpp">
      <Filter>src</Filter>
    </ClCompile>
    <ClCompile Include="src\Blob.cpp">
      <Filter>src</Filter>
    </ClCompile>
  </ItemGroup>
  <ItemGroup>
    <Filter Include="include/Microsoft/MixedReality/Sharing/Common">
      <UniqueIdentifier>{b8be060d-58ad-4778-9c81-9c37ee41ada3}</UniqueIdentifier>
    </Filter>
    <Filter Include="src">
      <UniqueIdentifier>{4fea64c8-33a8-40f1-a6c3-340a138cae23}</UniqueIdentifier>
    </Filter>
    <Filter Include="include/Microsoft/MixedReality/Sharing/Common\Serialization">
      <UniqueIdentifier>{ee0769d8-27a7-42d8-9010-79479ffe2444}</UniqueIdentifier>
    </Filter>
    <Filter Include="src\Serialization">
      <UniqueIdentifier>{9b6308d0-0c07-4372-9bc3-be89c63ac93e}</UniqueIdentifier>
    </Filter>
    <Filter Include="include/Microsoft/MixedReality/Sharing/Common\Testing">
      <UniqueIdentifier>{cbe0b046-5dde-4d5e-833f-46c289c6ece5}</UniqueIdentifier>
    </Filter>
  </ItemGroup>
</Project>