<?xml version="1.0" encoding="utf-8"?>
<Project ToolsVersion="4.0" xmlns="http://schemas.microsoft.com/developer/msbuild/2003">
  <ItemGroup>
    <ClInclude Include="include\Microsoft\MixedReality\Sharing\Common\Platform.h">
      <Filter>include/Microsoft/MixedReality/Sharing/Common</Filter>
    </ClInclude>
    <ClInclude Include="src\pch.h">
      <Filter>src</Filter>
    </ClInclude>
    <ClInclude Include="include\Microsoft\MixedReality\Sharing\Common\windows.h">
      <Filter>include/Microsoft/MixedReality/Sharing/Common</Filter>
    </ClInclude>
    <ClInclude Include="include\Microsoft\MixedReality\Sharing\Common\hash.h">
      <Filter>include/Microsoft/MixedReality/Sharing/Common</Filter>
    </ClInclude>
  </ItemGroup>
  <ItemGroup>
    <ClCompile Include="src\pch.cpp">
      <Filter>src</Filter>
    </ClCompile>
    <ClCompile Include="src\Platform.cpp">
      <Filter>src</Filter>
    </ClCompile>
    <ClCompile Include="src\hash.cpp">
      <Filter>src</Filter>
    </ClCompile>
  </ItemGroup>
  <ItemGroup>
    <Filter Include="include/Microsoft/MixedReality/Sharing/Common">
      <UniqueIdentifier>{b8be060d-58ad-4778-9c81-9c37ee41ada3}</UniqueIdentifier>
    </Filter>
    <Filter Include="src">
      <UniqueIdentifier>{4fea64c8-33a8-40f1-a6c3-340a138cae23}</UniqueIdentifier>
    </Filter>
  </ItemGroup>
</Project>