Microsoft Visual Studio Solution File, Format Version 12.00
# Visual Studio 15
VisualStudioVersion = 15.0.28307.539
MinimumVisualStudioVersion = 10.0.40219.1
# This file is generated by MSBuildForUnity, it will get updated when the assembly definitions change.
Project("{9A19103F-16F7-4668-BE54-9A1E7A4F7556}") = "Microsoft.MixedReality.SpatialAlignment.Unity", "D:\Projects\MixedReality\Sharing\libs\SpatialAlignment-Unity\Assets\SpatialAlignment.Unity\Microsoft.MixedReality.SpatialAlignment.Unity.msb4u.csproj", "{6DCB0C6D-D563-4FD4-B8D0-BD049DD3D506}"
	ProjectSection(ProjectDependencies) = postProject
	EndProjectSection
EndProject
Project("{9A19103F-16F7-4668-BE54-9A1E7A4F7556}") = "Dependencies", "D:\Projects\MixedReality\Sharing\libs\SpatialAlignment-Unity\Assets\Dependencies.msb4u.csproj", "{2B1FDA81-E490-4D1A-B295-ED2BD3ECB650}"
	ProjectSection(ProjectDependencies) = postProject
	EndProjectSection
EndProject
Global
	GlobalSection(SolutionConfigurationPlatforms) = preSolution
		InEditor|Android = InEditor|Android
		Player|Android = Player|Android
		InEditor|iOS = InEditor|iOS
		Player|iOS = Player|iOS
		InEditor|WindowsStandalone32 = InEditor|WindowsStandalone32
		Player|WindowsStandalone32 = Player|WindowsStandalone32
		InEditor|WindowsStandalone64 = InEditor|WindowsStandalone64
		Player|WindowsStandalone64 = Player|WindowsStandalone64
		InEditor|WSA = InEditor|WSA
		Player|WSA = Player|WSA
	EndGlobalSection
	GlobalSection(ProjectConfigurationPlatforms) = postSolution
		{6DCB0C6D-D563-4FD4-B8D0-BD049DD3D506}.InEditor|Android.ActiveCfg = InEditor|Android
		{6DCB0C6D-D563-4FD4-B8D0-BD049DD3D506}.InEditor|iOS.ActiveCfg = InEditor|iOS
		{6DCB0C6D-D563-4FD4-B8D0-BD049DD3D506}.InEditor|WindowsStandalone32.ActiveCfg = InEditor|WindowsStandalone32
		{6DCB0C6D-D563-4FD4-B8D0-BD049DD3D506}.InEditor|WindowsStandalone64.ActiveCfg = InEditor|WindowsStandalone64
		{6DCB0C6D-D563-4FD4-B8D0-BD049DD3D506}.InEditor|WSA.ActiveCfg = InEditor|WSA
		{6DCB0C6D-D563-4FD4-B8D0-BD049DD3D506}.Player|Android.ActiveCfg = Player|Android
		{6DCB0C6D-D563-4FD4-B8D0-BD049DD3D506}.Player|iOS.ActiveCfg = Player|iOS
		{6DCB0C6D-D563-4FD4-B8D0-BD049DD3D506}.Player|WindowsStandalone32.ActiveCfg = Player|WindowsStandalone32
		{6DCB0C6D-D563-4FD4-B8D0-BD049DD3D506}.Player|WindowsStandalone64.ActiveCfg = Player|WindowsStandalone64
		{6DCB0C6D-D563-4FD4-B8D0-BD049DD3D506}.Player|WSA.ActiveCfg = Player|WSA
		{6DCB0C6D-D563-4FD4-B8D0-BD049DD3D506}.InEditor|Android.Build.0 = InEditor|Android
		{6DCB0C6D-D563-4FD4-B8D0-BD049DD3D506}.InEditor|iOS.Build.0 = InEditor|iOS
		{6DCB0C6D-D563-4FD4-B8D0-BD049DD3D506}.InEditor|WindowsStandalone32.Build.0 = InEditor|WindowsStandalone32
		{6DCB0C6D-D563-4FD4-B8D0-BD049DD3D506}.InEditor|WindowsStandalone64.Build.0 = InEditor|WindowsStandalone64
		{6DCB0C6D-D563-4FD4-B8D0-BD049DD3D506}.InEditor|WSA.Build.0 = InEditor|WSA
		{6DCB0C6D-D563-4FD4-B8D0-BD049DD3D506}.Player|Android.Build.0 = Player|Android
		{6DCB0C6D-D563-4FD4-B8D0-BD049DD3D506}.Player|iOS.Build.0 = Player|iOS
		{6DCB0C6D-D563-4FD4-B8D0-BD049DD3D506}.Player|WindowsStandalone32.Build.0 = Player|WindowsStandalone32
		{6DCB0C6D-D563-4FD4-B8D0-BD049DD3D506}.Player|WindowsStandalone64.Build.0 = Player|WindowsStandalone64
		{6DCB0C6D-D563-4FD4-B8D0-BD049DD3D506}.Player|WSA.Build.0 = Player|WSA
	EndGlobalSection
	GlobalSection(SolutionProperties) = preSolution
		HideSolutionNode = FALSE
	EndGlobalSection
	GlobalSection(NestedProjects) = preSolution
	EndGlobalSection
	GlobalSection(ExtensibilityGlobals) = postSolution
		SolutionGuid = {89752EEF-6413-4D53-BA9D-DCA0707F134E}
	EndGlobalSection
EndGlobal
